
Microsoft Visual Studio Solution File, Format Version 12.00
# Visual Studio Version 17
VisualStudioVersion = 17.7.34024.191
MinimumVisualStudioVersion = 10.0.40219.1
Project("{FAE04EC0-301F-11D3-BF4B-00C04F79EFBC}") = "Uppgift1.1", "Uppgift1.1\Uppgift1.1.csproj", "{4F689C8C-2827-45FF-8437-A9C13BFC68AD}"
EndProject
Global
	GlobalSection(SolutionConfigurationPlatforms) = preSolution
		Debug|Any CPU = Debug|Any CPU
		Release|Any CPU = Release|Any CPU
	EndGlobalSection
	GlobalSection(ProjectConfigurationPlatforms) = postSolution
		{4F689C8C-2827-45FF-8437-A9C13BFC68AD}.Debug|Any CPU.ActiveCfg = Debug|Any CPU
		{4F689C8C-2827-45FF-8437-A9C13BFC68AD}.Debug|Any CPU.Build.0 = Debug|Any CPU
		{4F689C8C-2827-45FF-8437-A9C13BFC68AD}.Release|Any CPU.ActiveCfg = Release|Any CPU
		{4F689C8C-2827-45FF-8437-A9C13BFC68AD}.Release|Any CPU.Build.0 = Release|Any CPU
	EndGlobalSection
	GlobalSection(SolutionProperties) = preSolution
		HideSolutionNode = FALSE
	EndGlobalSection
	GlobalSection(ExtensibilityGlobals) = postSolution
		SolutionGuid = {971A5526-396A-4194-8BEF-B595DFA26C45}
	EndGlobalSection
EndGlobal
